
Microsoft Visual Studio Solution File, Format Version 12.00
# Visual Studio Version 17
VisualStudioVersion = 17.3.32819.101
MinimumVisualStudioVersion = 10.0.40219.1
Project("{FAE04EC0-301F-11D3-BF4B-00C04F79EFBC}") = "Todo.Api", "TodoApi\Todo.Api.csproj", "{1E2BBEAA-7CD6-4D02-83CF-5710F7972E14}"
EndProject
Project("{00D1A9C2-B5F0-4AF3-8072-F6C62B433612}") = "Todo.Database", "Todo.Database\Todo.Database.sqlproj", "{719E9F3C-489A-4496-90A2-4D82FE937CE6}"
EndProject
Project("{FAE04EC0-301F-11D3-BF4B-00C04F79EFBC}") = "Todo.Library", "Todo.Library\Todo.Library.csproj", "{AF47135B-7F6B-4479-B463-C909BF52205D}"
EndProject
Project("{FAE04EC0-301F-11D3-BF4B-00C04F79EFBC}") = "Todo.Blazor", "Todo.Blazor\Todo.Blazor.csproj", "{7126A056-F808-474A-84FC-28459144C616}"
EndProject
Project("{FAE04EC0-301F-11D3-BF4B-00C04F79EFBC}") = "Todo.ApiClient", "Todo.ApiClient\Todo.ApiClient.csproj", "{237C41A4-8978-4113-9BC4-DB87BF2B7CF2}"
EndProject
Global
	GlobalSection(SolutionConfigurationPlatforms) = preSolution
		Debug|Any CPU = Debug|Any CPU
		Release|Any CPU = Release|Any CPU
	EndGlobalSection
	GlobalSection(ProjectConfigurationPlatforms) = postSolution
		{1E2BBEAA-7CD6-4D02-83CF-5710F7972E14}.Debug|Any CPU.ActiveCfg = Debug|Any CPU
		{1E2BBEAA-7CD6-4D02-83CF-5710F7972E14}.Debug|Any CPU.Build.0 = Debug|Any CPU
		{1E2BBEAA-7CD6-4D02-83CF-5710F7972E14}.Release|Any CPU.ActiveCfg = Release|Any CPU
		{1E2BBEAA-7CD6-4D02-83CF-5710F7972E14}.Release|Any CPU.Build.0 = Release|Any CPU
		{719E9F3C-489A-4496-90A2-4D82FE937CE6}.Debug|Any CPU.ActiveCfg = Debug|Any CPU
		{719E9F3C-489A-4496-90A2-4D82FE937CE6}.Debug|Any CPU.Build.0 = Debug|Any CPU
		{719E9F3C-489A-4496-90A2-4D82FE937CE6}.Debug|Any CPU.Deploy.0 = Debug|Any CPU
		{719E9F3C-489A-4496-90A2-4D82FE937CE6}.Release|Any CPU.ActiveCfg = Release|Any CPU
		{719E9F3C-489A-4496-90A2-4D82FE937CE6}.Release|Any CPU.Build.0 = Release|Any CPU
		{719E9F3C-489A-4496-90A2-4D82FE937CE6}.Release|Any CPU.Deploy.0 = Release|Any CPU
		{AF47135B-7F6B-4479-B463-C909BF52205D}.Debug|Any CPU.ActiveCfg = Debug|Any CPU
		{AF47135B-7F6B-4479-B463-C909BF52205D}.Debug|Any CPU.Build.0 = Debug|Any CPU
		{AF47135B-7F6B-4479-B463-C909BF52205D}.Release|Any CPU.ActiveCfg = Release|Any CPU
		{AF47135B-7F6B-4479-B463-C909BF52205D}.Release|Any CPU.Build.0 = Release|Any CPU
		{7126A056-F808-474A-84FC-28459144C616}.Debug|Any CPU.ActiveCfg = Debug|Any CPU
		{7126A056-F808-474A-84FC-28459144C616}.Debug|Any CPU.Build.0 = Debug|Any CPU
		{7126A056-F808-474A-84FC-28459144C616}.Release|Any CPU.ActiveCfg = Release|Any CPU
		{7126A056-F808-474A-84FC-28459144C616}.Release|Any CPU.Build.0 = Release|Any CPU
		{237C41A4-8978-4113-9BC4-DB87BF2B7CF2}.Debug|Any CPU.ActiveCfg = Debug|Any CPU
		{237C41A4-8978-4113-9BC4-DB87BF2B7CF2}.Debug|Any CPU.Build.0 = Debug|Any CPU
		{237C41A4-8978-4113-9BC4-DB87BF2B7CF2}.Release|Any CPU.ActiveCfg = Release|Any CPU
		{237C41A4-8978-4113-9BC4-DB87BF2B7CF2}.Release|Any CPU.Build.0 = Release|Any CPU
	EndGlobalSection
	GlobalSection(SolutionProperties) = preSolution
		HideSolutionNode = FALSE
	EndGlobalSection
	GlobalSection(ExtensibilityGlobals) = postSolution
		SolutionGuid = {2506D15A-408C-4981-A5FE-64B5208572E4}
	EndGlobalSection
EndGlobal
